{
  "name": "fluentui-angular-components",
  "version": "0.0.1",
  "lockfileVersion": 1,
  "requires": true,
  "dependencies": {
    "@angular/animations": {
      "version": "13.2.1",
      "resolved": "https://registry.npmjs.org/@angular/animations/-/animations-13.2.1.tgz",
      "integrity": "sha512-Wvuu5OU0T5BlavE0IQohuXWiQUHHmrrkhZSxqatsSno2v1au5u/SJGSGo4RojBKsSm627Z/grLjOT6YA21CObA==",
      "requires": {
        "tslib": "^2.3.0"
      },
      "dependencies": {
        "tslib": {
          "version": "2.3.1",
          "resolved": "https://registry.npmjs.org/tslib/-/tslib-2.3.1.tgz",
          "integrity": "sha512-77EbyPPpMz+FRFRuAFlWMtmgUWGe9UOG2Z25NqCwiIjRhOf5iKGuzSe5P2w1laq+FkRy4p+PCuVkJSGkzTEKVw=="
        }
      }
    },
    "@angular/cdk": {
      "version": "13.2.1",
      "resolved": "https://registry.npmjs.org/@angular/cdk/-/cdk-13.2.1.tgz",
      "integrity": "sha512-AjEn4Mk2ow2i8pw0T9F/C/bKFrnUqzlvOGfFkoMgZHp5r3yhDb5DbVRS1/fGScAbY8Pzln49r1maKdrE8DGUbg==",
      "requires": {
        "parse5": "^5.0.0",
        "tslib": "^2.3.0"
      },
      "dependencies": {
        "tslib": {
          "version": "2.3.1",
          "resolved": "https://registry.npmjs.org/tslib/-/tslib-2.3.1.tgz",
          "integrity": "sha512-77EbyPPpMz+FRFRuAFlWMtmgUWGe9UOG2Z25NqCwiIjRhOf5iKGuzSe5P2w1laq+FkRy4p+PCuVkJSGkzTEKVw=="
        }
      }
    },
    "dom7": {
      "version": "4.0.4",
      "resolved": "https://registry.npmjs.org/dom7/-/dom7-4.0.4.tgz",
      "integrity": "sha512-DSSgBzQ4rJWQp1u6o+3FVwMNnT5bzQbMb+o31TjYYeRi05uAcpF8koxdfzeoe5ElzPmua7W7N28YJhF7iEKqIw==",
      "requires": {
        "ssr-window": "^4.0.0"
      }
    },
    "parse5": {
      "version": "5.1.1",
      "resolved": "https://registry.npmjs.org/parse5/-/parse5-5.1.1.tgz",
      "integrity": "sha512-ugq4DFI0Ptb+WWjAdOK16+u/nHfiIrcE+sh8kZMaM0WllQKLI9rOUq6c2b7cwPkXdzfQESqvoqK6ug7U/Yyzug==",
      "optional": true
    },
    "ssr-window": {
      "version": "4.0.2",
      "resolved": "https://registry.npmjs.org/ssr-window/-/ssr-window-4.0.2.tgz",
      "integrity": "sha512-ISv/Ch+ig7SOtw7G2+qkwfVASzazUnvlDTwypdLoPoySv+6MqlOV10VwPSE6EWkGjhW50lUmghPmpYZXMu/+AQ=="
    },
    "swiper": {
      "version": "8.0.3",
      "resolved": "https://registry.npmjs.org/swiper/-/swiper-8.0.3.tgz",
      "integrity": "sha512-mpw7v/Lkh48LQUxtJuFD+3Lls8LViNi3j1fbk45fNo9DXZxXK/e7NMixxS27OxvC5wx+5H3bet1O2pdjk7akBA==",
      "requires": {
        "dom7": "^4.0.4",
        "ssr-window": "^4.0.2"
      }
    }
  }
}
